
Microsoft Visual Studio Solution File, Format Version 12.00
# Visual Studio Version 17
VisualStudioVersion = 17.14.36203.30 d17.14
MinimumVisualStudioVersion = 10.0.40219.1
Project("{FAE04EC0-301F-11D3-BF4B-00C04F79EFBC}") = "Assignment-10.2_4", "Assignment-10.2_4.csproj", "{286076A7-06D0-4DB7-A9EB-3728A32AFF1B}"
EndProject
Global
	GlobalSection(SolutionConfigurationPlatforms) = preSolution
		Debug|Any CPU = Debug|Any CPU
		Release|Any CPU = Release|Any CPU
	EndGlobalSection
	GlobalSection(ProjectConfigurationPlatforms) = postSolution
		{286076A7-06D0-4DB7-A9EB-3728A32AFF1B}.Debug|Any CPU.ActiveCfg = Debug|Any CPU
		{286076A7-06D0-4DB7-A9EB-3728A32AFF1B}.Debug|Any CPU.Build.0 = Debug|Any CPU
		{286076A7-06D0-4DB7-A9EB-3728A32AFF1B}.Release|Any CPU.ActiveCfg = Release|Any CPU
		{286076A7-06D0-4DB7-A9EB-3728A32AFF1B}.Release|Any CPU.Build.0 = Release|Any CPU
	EndGlobalSection
	GlobalSection(SolutionProperties) = preSolution
		HideSolutionNode = FALSE
	EndGlobalSection
	GlobalSection(ExtensibilityGlobals) = postSolution
		SolutionGuid = {C12821CE-1892-4205-894A-ECBD8643FCC7}
	EndGlobalSection
EndGlobal
